
Microsoft Visual Studio Solution File, Format Version 12.00
Project("{FAE04EC0-301F-11D3-BF4B-00C04F79EFBC}") = "FicharioDigital", "FicharioDigital\FicharioDigital.csproj", "{B5046190-A490-4665-BCD8-133B99F14A7B}"
EndProject
Global
	GlobalSection(SolutionConfigurationPlatforms) = preSolution
		Debug|Any CPU = Debug|Any CPU
		Release|Any CPU = Release|Any CPU
	EndGlobalSection
	GlobalSection(ProjectConfigurationPlatforms) = postSolution
		{B5046190-A490-4665-BCD8-133B99F14A7B}.Debug|Any CPU.ActiveCfg = Debug|Any CPU
		{B5046190-A490-4665-BCD8-133B99F14A7B}.Debug|Any CPU.Build.0 = Debug|Any CPU
		{B5046190-A490-4665-BCD8-133B99F14A7B}.Release|Any CPU.ActiveCfg = Release|Any CPU
		{B5046190-A490-4665-BCD8-133B99F14A7B}.Release|Any CPU.Build.0 = Release|Any CPU
	EndGlobalSection
EndGlobal
